github.com/aws/aws-sdk-go v1.29.27 h1:4A53lDDGtk4TvnXFzvcOO3Vx3tDqEPfwvChhhxTPN/M=
github.com/aws/aws-sdk-go v1.29.27/go.mod h1:1KvfttTE3SPKMpo8g2c6jL3ZKfXtFvKscTgahTma5Xg=
github.com/chaseisabelle/backoff v0.0.0-20200316121726-6277c1ede78b h1:WkIdLMK0SAkzJjPxBdX7WAK+/lq+UcbrZP62qXzhllk=
github.com/chaseisabelle/backoff v0.0.0-20200316121726-6277c1ede78b/go.mod h1:dVmq+jo5dYm1bTb5ulL5lyHzr3Le5tOTnZbw4AuC0cQ=
github.com/chaseisabelle/flagz v0.0.0-20200121105022-77781fefaf4c h1:YiJz9atW7QlEokQIHvQB/BxnxBHnxo/vcRE/BR38ol4=
github.com/chaseisabelle/flagz v0.0.0-20200121105022-77781fefaf4c/go.mod h1:x+LTF6oZNZai7Ix+CDNnQAOSNLbMSpm7NdBRLg1FGus=
github.com/chaseisabelle/sqsc v0.0.0-20200126154415-0bcb4d264e9b h1:LtnteG5z/H2GkXAkTsDHUqbhdA416ABm+42m6Bb/Yfc=
github.com/chaseisabelle/sqsc v0.0.0-20200126154415-0bcb4d264e9b/go.mod h1:NEzOuC6FTqPTFZx2vGyElUc64DkglpfR/7uyIGE4i38=
github.com/chaseisabelle/stop v0.0.0-20200129162223-e4c81c93d9e3 h1:zc4/eWQNAaqY9NN0H/OR7+Lvr8+RLXEuxbVUAFosUkA=
github.com/chaseisabelle/stop v0.0.0-20200129162223-e4c81c93d9e3/go.mod h1:uxFDG6JcsLwqkjLp4XRYyodBPfuenRG6ov0a81hAWSs=
github.com/davecgh/go-spew v1.1.0 h1:ZDRjVQ15GmhC3fiQ8ni8+OwkZQO4DARzQgrnXU1Liz8=
github.com/davecgh/go-spew v1.1.0/go.mod h1:J7Y8YcW2NihsgmVo/mv3lAwl/skON4iLHjSsI+c5H38=
github.com/g3n/engine v0.1.0 h1:e+HR/X4awny6sVx0CikNG/KyH17nXNR3CIyqDJaAI30=
github.com/g3n/engine v0.1.0/go.mod h1:gH3V0Zq2oM9UlI9Y+HGVkAGaUsrjHMC8d0Eiz2URXyI=
github.com/go-sql-driver/mysql v1.5.0/go.mod h1:DCzpHaOWr8IXmIStZouvnhqoel9Qv2LBy8hT2VhHyBg=
github.com/jmespath/go-jmespath v0.0.0-20180206201540-c2b33e8439af h1:pmfjZENx5imkbgOkpRUYLnmbU7UEFbjtDA2hxJ1ichM=
github.com/jmespath/go-jmespath v0.0.0-20180206201540-c2b33e8439af/go.mod h1:Nht3zPeWKUH0NzdCt2Blrr5ys8VGpn0CEB0cQHVjt7k=
github.com/pkg/errors v0.9.1/go.mod h1:bwawxfHBFNV+L2hUp1rHADufV3IMtnDRdf1r5NINEl0=
github.com/pmezard/go-difflib v1.0.0 h1:4DBwDE0NGyQoBHbLQYPwSUPoCMWR5BEzIk/f1lZbAQM=
github.com/pmezard/go-difflib v1.0.0/go.mod h1:iKH77koFhYxTK1pcRnkKkqfTogsbg7gZNVY4sRDYZ/4=
github.com/stretchr/objx v0.1.0/go.mod h1:HFkY916IF+rwdDfMAkV7OtwuqBVzrE8GR6GFx+wExME=
github.com/stretchr/testify v1.4.0 h1:2E4SXV/wtOkTonXsotYi4li6zVWxYlZuYNCXe9XRJyk=
github.com/stretchr/testify v1.4.0/go.mod h1:j7eGeouHqKxXV5pUuKE4zz7dFj8WfuZ+81PSLYec5m4=
golang.org/x/crypto v0.0.0-20190308221718-c2843e01d9a2/go.mod h1:djNgcEr1/C05ACkg1iLfiJU5Ep61QUkGW8qpdssI0+w=
golang.org/x/net v0.0.0-20200202094626-16171245cfb2 h1:CCH4IOTTfewWjGOlSp+zGcjutRKlBEZQ6wTn8ozI/nI=
golang.org/x/net v0.0.0-20200202094626-16171245cfb2/go.mod h1:z5CRVTTTmAJ677TzLLGU+0bjPO0LkuOLi4/5GtJWs/s=
golang.org/x/sys v0.0.0-20190215142949-d0b11bdaac8a/go.mod h1:STP8DvDyc/dI5b8T5hshtkjS+E42TnysNCUPdjciGhY=
golang.org/x/text v0.3.0 h1:g61tztE5qeGQ89tm6NTjjM9VPIm088od1l6aSorWRWg=
golang.org/x/text v0.3.0/go.mod h1:NqM8EUOU14njkJ3fqMW+pc6Ldnwhi/IjpwHt7yyuwOQ=
gopkg.in/check.v1 v0.0.0-20161208181325-20d25e280405 h1:yhCVgyC4o1eVCa2tZl7eS0r+SDo693bJlVdllGtEeKM=
gopkg.in/check.v1 v0.0.0-20161208181325-20d25e280405/go.mod h1:Co6ibVJAznAaIkqp8huTwlJQCZ016jof/cbN4VW5Yz0=
gopkg.in/yaml.v2 v2.2.2 h1:ZCJp+EgiOT7lHqUV2J862kp8Qj64Jo6az82+3Td9dZw=
gopkg.in/yaml.v2 v2.2.2/go.mod h1:hI93XBmqTisBFMUTm0b8Fm+jr3Dg1NNxqwp+5A1VGuI=
