# This file is autogenerated, do not edit; changes may be undone by the next 'dep ensure'.


[[projects]]
  digest = "1:181fbdb703a9d54f6f74ebddabaefdd9b91ca6ee3823fa667eabfa2aabf932df"
  name = "github.com/aws/aws-sdk-go"
  packages = [
    "aws",
    "aws/awserr",
    "aws/awsutil",
    "aws/client",
    "aws/client/metadata",
    "aws/corehandlers",
    "aws/credentials",
    "aws/credentials/ec2rolecreds",
    "aws/credentials/endpointcreds",
    "aws/credentials/processcreds",
    "aws/credentials/stscreds",
    "aws/csm",
    "aws/defaults",
    "aws/ec2metadata",
    "aws/endpoints",
    "aws/request",
    "aws/session",
    "aws/signer/v4",
    "internal/ini",
    "internal/sdkio",
    "internal/sdkmath",
    "internal/sdkrand",
    "internal/sdkuri",
    "internal/shareddefaults",
    "internal/strings",
    "private/protocol",
    "private/protocol/json/jsonutil",
    "private/protocol/query",
    "private/protocol/query/queryutil",
    "private/protocol/rest",
    "private/protocol/xml/xmlutil",
    "service/sqs",
    "service/sts",
    "service/sts/stsiface",
  ]
  pruneopts = "UT"
  revision = "5abff723756e51686a6a4377e7c5b1d74a9e18a3"
  version = "v1.28.5"

[[projects]]
  branch = "master"
  digest = "1:b16274387ebed737f9539d7849fabf7125ad65f3bb7c364fb6861a2eddd9abd2"
  name = "github.com/chaseisabelle/sqsc"
  packages = ["."]
  pruneopts = "UT"
  revision = "244ee0c694bac11b4746d6225fe9c7916b4d49ff"

[[projects]]
  digest = "1:d3b1b84f61b07ae0fed98c067ea7b5dd91c09af4e45ada3e1d6a2dca352a8c95"
  name = "github.com/g3n/engine"
  packages = ["util/logger"]
  pruneopts = "UT"
  revision = "70eaa04e801cf9abebdf994ed56d14ebc10a5e6c"
  version = "v0.1.0"

[[projects]]
  digest = "1:bb81097a5b62634f3e9fec1014657855610c82d19b9a40c17612e32651e35dca"
  name = "github.com/jmespath/go-jmespath"
  packages = ["."]
  pruneopts = "UT"
  revision = "c2b33e84"

[solve-meta]
  analyzer-name = "dep"
  analyzer-version = 1
  input-imports = [
    "github.com/chaseisabelle/sqsc",
    "github.com/g3n/engine/util/logger",
  ]
  solver-name = "gps-cdcl"
  solver-version = 1
