# This file is autogenerated, do not edit; changes may be undone by the next 'dep ensure'.


[[projects]]
  digest = "1:181fbdb703a9d54f6f74ebddabaefdd9b91ca6ee3823fa667eabfa2aabf932df"
  name = "github.com/aws/aws-sdk-go"
  packages = [
    "aws",
    "aws/awserr",
    "aws/awsutil",
    "aws/client",
    "aws/client/metadata",
    "aws/corehandlers",
    "aws/credentials",
    "aws/credentials/ec2rolecreds",
    "aws/credentials/endpointcreds",
    "aws/credentials/processcreds",
    "aws/credentials/stscreds",
    "aws/csm",
    "aws/defaults",
    "aws/ec2metadata",
    "aws/endpoints",
    "aws/request",
    "aws/session",
    "aws/signer/v4",
    "internal/ini",
    "internal/sdkio",
    "internal/sdkmath",
    "internal/sdkrand",
    "internal/sdkuri",
    "internal/shareddefaults",
    "internal/strings",
    "private/protocol",
    "private/protocol/json/jsonutil",
    "private/protocol/query",
    "private/protocol/query/queryutil",
    "private/protocol/rest",
    "private/protocol/xml/xmlutil",
    "service/sqs",
    "service/sts",
    "service/sts/stsiface",
  ]
  pruneopts = "UT"
  revision = "5abff723756e51686a6a4377e7c5b1d74a9e18a3"
  version = "v1.28.5"

[[projects]]
  branch = "master"
  digest = "1:675ef719fe7c12ce4f695b251737ac9d295444277e1d2e8c3a852c4c0590ac2c"
  name = "github.com/chaseisabelle/backoff"
  packages = [
    ".",
    "expbo",
  ]
  pruneopts = "UT"
  revision = "6277c1ede78bfae9aadb74ec3cfa6650cfda56f0"

[[projects]]
  branch = "master"
  digest = "1:4f5214b06ab6f549a0a618c716fe9e60d76f5ed291c99193febcd648c2c5b612"
  name = "github.com/chaseisabelle/flagz"
  packages = ["."]
  pruneopts = "UT"
  revision = "77781fefaf4c51b29c5fc1b18fbd2fa035957d75"

[[projects]]
  branch = "master"
  digest = "1:861fd88ecc15faaedc5086915e5b9770bbf87a5462a2ba3915b833caf868f5c5"
  name = "github.com/chaseisabelle/sqsc"
  packages = ["."]
  pruneopts = "UT"
  revision = "9d7548426f51d85e1852be2a1a7243a392347ff4"

[[projects]]
  branch = "master"
  digest = "1:59b757e62a5e58536703cc258021eacd2a1c35fa24b2fae5f4104abdf552234b"
  name = "github.com/chaseisabelle/stop"
  packages = ["."]
  pruneopts = "UT"
  revision = "e4c81c93d9e353df31308d9efd68dd8d77abf899"

[[projects]]
  digest = "1:d3b1b84f61b07ae0fed98c067ea7b5dd91c09af4e45ada3e1d6a2dca352a8c95"
  name = "github.com/g3n/engine"
  packages = ["util/logger"]
  pruneopts = "UT"
  revision = "70eaa04e801cf9abebdf994ed56d14ebc10a5e6c"
  version = "v0.1.0"

[[projects]]
  digest = "1:bb81097a5b62634f3e9fec1014657855610c82d19b9a40c17612e32651e35dca"
  name = "github.com/jmespath/go-jmespath"
  packages = ["."]
  pruneopts = "UT"
  revision = "c2b33e84"

[solve-meta]
  analyzer-name = "dep"
  analyzer-version = 1
  input-imports = [
    "github.com/chaseisabelle/backoff/expbo",
    "github.com/chaseisabelle/flagz",
    "github.com/chaseisabelle/sqsc",
    "github.com/chaseisabelle/stop",
    "github.com/g3n/engine/util/logger",
  ]
  solver-name = "gps-cdcl"
  solver-version = 1
